
Microsoft Visual Studio Solution File, Format Version 12.00
# Visual Studio Version 17
VisualStudioVersion = 17.8.34330.188
MinimumVisualStudioVersion = 10.0.40219.1
Project("{FAE04EC0-301F-11D3-BF4B-00C04F79EFBC}") = "ObligatoriskOpgave1", "ObligatoriskOpgave1.csproj", "{50426865-49CB-4CA7-A89F-892AAAFFE622}"
EndProject
Project("{FAE04EC0-301F-11D3-BF4B-00C04F79EFBC}") = "ObligatoriskOpgave1Test", "..\ObligatoriskOpgave1Test\ObligatoriskOpgave1Test.csproj", "{9D8F28EB-960B-4DE9-AC1F-C77FCC857A7F}"
	ProjectSection(ProjectDependencies) = postProject
		{50426865-49CB-4CA7-A89F-892AAAFFE622} = {50426865-49CB-4CA7-A89F-892AAAFFE622}
	EndProjectSection
EndProject
Global
	GlobalSection(SolutionConfigurationPlatforms) = preSolution
		Debug|Any CPU = Debug|Any CPU
		Release|Any CPU = Release|Any CPU
	EndGlobalSection
	GlobalSection(ProjectConfigurationPlatforms) = postSolution
		{50426865-49CB-4CA7-A89F-892AAAFFE622}.Debug|Any CPU.ActiveCfg = Debug|Any CPU
		{50426865-49CB-4CA7-A89F-892AAAFFE622}.Debug|Any CPU.Build.0 = Debug|Any CPU
		{50426865-49CB-4CA7-A89F-892AAAFFE622}.Release|Any CPU.ActiveCfg = Release|Any CPU
		{50426865-49CB-4CA7-A89F-892AAAFFE622}.Release|Any CPU.Build.0 = Release|Any CPU
		{9D8F28EB-960B-4DE9-AC1F-C77FCC857A7F}.Debug|Any CPU.ActiveCfg = Debug|Any CPU
		{9D8F28EB-960B-4DE9-AC1F-C77FCC857A7F}.Debug|Any CPU.Build.0 = Debug|Any CPU
		{9D8F28EB-960B-4DE9-AC1F-C77FCC857A7F}.Release|Any CPU.ActiveCfg = Release|Any CPU
		{9D8F28EB-960B-4DE9-AC1F-C77FCC857A7F}.Release|Any CPU.Build.0 = Release|Any CPU
	EndGlobalSection
	GlobalSection(SolutionProperties) = preSolution
		HideSolutionNode = FALSE
	EndGlobalSection
	GlobalSection(ExtensibilityGlobals) = postSolution
		SolutionGuid = {113C5860-E78D-40F8-8B4C-58ACC565F6C7}
	EndGlobalSection
EndGlobal
